
Microsoft Visual Studio Solution File, Format Version 12.00
# Visual Studio Version 16
VisualStudioVersion = 16.0.31515.178
MinimumVisualStudioVersion = 10.0.40219.1
Project("{9A19103F-16F7-4668-BE54-9A1E7A4F7556}") = "CopyFilePath", "CopyFilePath\CopyFilePath.csproj", "{D6569D38-2731-4491-8687-FAE7D6357FFD}"
EndProject
Project("{54435603-DBB4-11D2-8724-00A0C9A8B90C}") = "Setup", "Setup\Setup.vdproj", "{082636F2-0F6C-430B-BDE1-463563F02E33}"
EndProject
Project("{FAE04EC0-301F-11D3-BF4B-00C04F79EFBC}") = "Installer.NetFramework", "Installer.NetFramework\Installer.NetFramework.csproj", "{C946E4B6-A868-4321-9A06-9E2E3D3610E7}"
EndProject
Project("{9A19103F-16F7-4668-BE54-9A1E7A4F7556}") = "SetRegistryByCopyFilePath", "..\ConsoleAppRegistry\ConsoleAppRegistry\SetRegistryByCopyFilePath.csproj", "{8B76F003-20D3-4706-A640-7AAC654EFDDF}"
EndProject
Global
	GlobalSection(SolutionConfigurationPlatforms) = preSolution
		Debug|Any CPU = Debug|Any CPU
		Debug|x64 = Debug|x64
		Debug|x86 = Debug|x86
		Release|Any CPU = Release|Any CPU
		Release|x64 = Release|x64
		Release|x86 = Release|x86
	EndGlobalSection
	GlobalSection(ProjectConfigurationPlatforms) = postSolution
		{D6569D38-2731-4491-8687-FAE7D6357FFD}.Debug|Any CPU.ActiveCfg = Debug|Any CPU
		{D6569D38-2731-4491-8687-FAE7D6357FFD}.Debug|Any CPU.Build.0 = Debug|Any CPU
		{D6569D38-2731-4491-8687-FAE7D6357FFD}.Debug|x64.ActiveCfg = Debug|Any CPU
		{D6569D38-2731-4491-8687-FAE7D6357FFD}.Debug|x64.Build.0 = Debug|Any CPU
		{D6569D38-2731-4491-8687-FAE7D6357FFD}.Debug|x86.ActiveCfg = Debug|x86
		{D6569D38-2731-4491-8687-FAE7D6357FFD}.Debug|x86.Build.0 = Debug|x86
		{D6569D38-2731-4491-8687-FAE7D6357FFD}.Release|Any CPU.ActiveCfg = Release|Any CPU
		{D6569D38-2731-4491-8687-FAE7D6357FFD}.Release|Any CPU.Build.0 = Release|Any CPU
		{D6569D38-2731-4491-8687-FAE7D6357FFD}.Release|x64.ActiveCfg = Release|Any CPU
		{D6569D38-2731-4491-8687-FAE7D6357FFD}.Release|x64.Build.0 = Release|Any CPU
		{D6569D38-2731-4491-8687-FAE7D6357FFD}.Release|x86.ActiveCfg = Release|x86
		{D6569D38-2731-4491-8687-FAE7D6357FFD}.Release|x86.Build.0 = Release|x86
		{082636F2-0F6C-430B-BDE1-463563F02E33}.Debug|Any CPU.ActiveCfg = Debug
		{082636F2-0F6C-430B-BDE1-463563F02E33}.Debug|x64.ActiveCfg = Debug
		{082636F2-0F6C-430B-BDE1-463563F02E33}.Debug|x64.Build.0 = Debug
		{082636F2-0F6C-430B-BDE1-463563F02E33}.Debug|x86.ActiveCfg = Debug
		{082636F2-0F6C-430B-BDE1-463563F02E33}.Debug|x86.Build.0 = Debug
		{082636F2-0F6C-430B-BDE1-463563F02E33}.Release|Any CPU.ActiveCfg = Release
		{082636F2-0F6C-430B-BDE1-463563F02E33}.Release|x64.ActiveCfg = Release
		{082636F2-0F6C-430B-BDE1-463563F02E33}.Release|x64.Build.0 = Release
		{082636F2-0F6C-430B-BDE1-463563F02E33}.Release|x86.ActiveCfg = Release
		{082636F2-0F6C-430B-BDE1-463563F02E33}.Release|x86.Build.0 = Release
		{C946E4B6-A868-4321-9A06-9E2E3D3610E7}.Debug|Any CPU.ActiveCfg = Debug|Any CPU
		{C946E4B6-A868-4321-9A06-9E2E3D3610E7}.Debug|Any CPU.Build.0 = Debug|Any CPU
		{C946E4B6-A868-4321-9A06-9E2E3D3610E7}.Debug|x64.ActiveCfg = Debug|Any CPU
		{C946E4B6-A868-4321-9A06-9E2E3D3610E7}.Debug|x64.Build.0 = Debug|Any CPU
		{C946E4B6-A868-4321-9A06-9E2E3D3610E7}.Debug|x86.ActiveCfg = Debug|Any CPU
		{C946E4B6-A868-4321-9A06-9E2E3D3610E7}.Debug|x86.Build.0 = Debug|Any CPU
		{C946E4B6-A868-4321-9A06-9E2E3D3610E7}.Release|Any CPU.ActiveCfg = Release|Any CPU
		{C946E4B6-A868-4321-9A06-9E2E3D3610E7}.Release|Any CPU.Build.0 = Release|Any CPU
		{C946E4B6-A868-4321-9A06-9E2E3D3610E7}.Release|x64.ActiveCfg = Release|Any CPU
		{C946E4B6-A868-4321-9A06-9E2E3D3610E7}.Release|x64.Build.0 = Release|Any CPU
		{C946E4B6-A868-4321-9A06-9E2E3D3610E7}.Release|x86.ActiveCfg = Release|Any CPU
		{C946E4B6-A868-4321-9A06-9E2E3D3610E7}.Release|x86.Build.0 = Release|Any CPU
		{8B76F003-20D3-4706-A640-7AAC654EFDDF}.Debug|Any CPU.ActiveCfg = Debug|Any CPU
		{8B76F003-20D3-4706-A640-7AAC654EFDDF}.Debug|Any CPU.Build.0 = Debug|Any CPU
		{8B76F003-20D3-4706-A640-7AAC654EFDDF}.Debug|x64.ActiveCfg = Debug|Any CPU
		{8B76F003-20D3-4706-A640-7AAC654EFDDF}.Debug|x64.Build.0 = Debug|Any CPU
		{8B76F003-20D3-4706-A640-7AAC654EFDDF}.Debug|x86.ActiveCfg = Debug|x86
		{8B76F003-20D3-4706-A640-7AAC654EFDDF}.Debug|x86.Build.0 = Debug|x86
		{8B76F003-20D3-4706-A640-7AAC654EFDDF}.Release|Any CPU.ActiveCfg = Release|Any CPU
		{8B76F003-20D3-4706-A640-7AAC654EFDDF}.Release|Any CPU.Build.0 = Release|Any CPU
		{8B76F003-20D3-4706-A640-7AAC654EFDDF}.Release|x64.ActiveCfg = Release|Any CPU
		{8B76F003-20D3-4706-A640-7AAC654EFDDF}.Release|x64.Build.0 = Release|Any CPU
		{8B76F003-20D3-4706-A640-7AAC654EFDDF}.Release|x86.ActiveCfg = Release|x86
		{8B76F003-20D3-4706-A640-7AAC654EFDDF}.Release|x86.Build.0 = Release|x86
	EndGlobalSection
	GlobalSection(SolutionProperties) = preSolution
		HideSolutionNode = FALSE
	EndGlobalSection
	GlobalSection(ExtensibilityGlobals) = postSolution
		SolutionGuid = {A5E04BCD-505E-40ED-BCFB-E6957CD5D077}
	EndGlobalSection
EndGlobal
